
Microsoft Visual Studio Solution File, Format Version 12.00
# Visual Studio 15
VisualStudioVersion = 15.0.28307.168
MinimumVisualStudioVersion = 10.0.40219.1
Project("{FAE04EC0-301F-11D3-BF4B-00C04F79EFBC}") = "IT481Assignment_Windows", "IT481Assignment_Windows\IT481Assignment_Windows.csproj", "{1D2456FF-AE61-4469-BF35-0F1F799A737F}"
EndProject
Project("{FAE04EC0-301F-11D3-BF4B-00C04F79EFBC}") = "IT481Assignment_Data", "IT481Assignment_Data\IT481Assignment_Data.csproj", "{6A91C871-36F5-41A4-9A12-9569AF72ACFB}"
EndProject
Project("{FAE04EC0-301F-11D3-BF4B-00C04F79EFBC}") = "IT481Assignment_Business", "IT481Assignment_Business\IT481Assignment_Business.csproj", "{2A44ABFB-CD47-400F-AEE7-F1DC300E164A}"
EndProject
Project("{FAE04EC0-301F-11D3-BF4B-00C04F79EFBC}") = "IT481_Unit3_Assignment", "IT481_Unit3_Assignment\IT481_Unit3_Assignment.csproj", "{3AA89BB1-D86E-4F74-9151-2DF2A1383AF8}"
EndProject
Project("{FAE04EC0-301F-11D3-BF4B-00C04F79EFBC}") = "IT481_Unit6_Assignment", "IT481_Unit6_Assignment\IT481_Unit6_Assignment.csproj", "{D7226B2E-B5ED-40D3-A6BD-C6EDC4EDCDFE}"
EndProject
Project("{FAE04EC0-301F-11D3-BF4B-00C04F79EFBC}") = "IT481_Unit4_Assignment", "IT481_Unit4_Assignment\IT481_Unit4_Assignment.csproj", "{F9311216-A9EE-4835-99E4-DC2168CA12CF}"
EndProject
Project("{FAE04EC0-301F-11D3-BF4B-00C04F79EFBC}") = "IT481_Unit4_Assignment_Test", "IT481_Unit4_Assignment_Test\IT481_Unit4_Assignment_Test.csproj", "{F8188E9D-99EC-4D3D-A216-E1CAD8CEA7FB}"
EndProject
Project("{FAE04EC0-301F-11D3-BF4B-00C04F79EFBC}") = "IT481_Unit7_Assignment", "IT481_Unit7_Assignment\IT481_Unit7_Assignment.csproj", "{4DE0C09C-EFDC-4DAA-BF66-D3EF9CAAFDA7}"
EndProject
Global
	GlobalSection(SolutionConfigurationPlatforms) = preSolution
		Debug|Any CPU = Debug|Any CPU
		Release|Any CPU = Release|Any CPU
	EndGlobalSection
	GlobalSection(ProjectConfigurationPlatforms) = postSolution
		{1D2456FF-AE61-4469-BF35-0F1F799A737F}.Debug|Any CPU.ActiveCfg = Debug|Any CPU
		{1D2456FF-AE61-4469-BF35-0F1F799A737F}.Debug|Any CPU.Build.0 = Debug|Any CPU
		{1D2456FF-AE61-4469-BF35-0F1F799A737F}.Release|Any CPU.ActiveCfg = Release|Any CPU
		{1D2456FF-AE61-4469-BF35-0F1F799A737F}.Release|Any CPU.Build.0 = Release|Any CPU
		{6A91C871-36F5-41A4-9A12-9569AF72ACFB}.Debug|Any CPU.ActiveCfg = Debug|Any CPU
		{6A91C871-36F5-41A4-9A12-9569AF72ACFB}.Debug|Any CPU.Build.0 = Debug|Any CPU
		{6A91C871-36F5-41A4-9A12-9569AF72ACFB}.Release|Any CPU.ActiveCfg = Release|Any CPU
		{6A91C871-36F5-41A4-9A12-9569AF72ACFB}.Release|Any CPU.Build.0 = Release|Any CPU
		{2A44ABFB-CD47-400F-AEE7-F1DC300E164A}.Debug|Any CPU.ActiveCfg = Debug|Any CPU
		{2A44ABFB-CD47-400F-AEE7-F1DC300E164A}.Debug|Any CPU.Build.0 = Debug|Any CPU
		{2A44ABFB-CD47-400F-AEE7-F1DC300E164A}.Release|Any CPU.ActiveCfg = Release|Any CPU
		{2A44ABFB-CD47-400F-AEE7-F1DC300E164A}.Release|Any CPU.Build.0 = Release|Any CPU
		{3AA89BB1-D86E-4F74-9151-2DF2A1383AF8}.Debug|Any CPU.ActiveCfg = Debug|Any CPU
		{3AA89BB1-D86E-4F74-9151-2DF2A1383AF8}.Debug|Any CPU.Build.0 = Debug|Any CPU
		{3AA89BB1-D86E-4F74-9151-2DF2A1383AF8}.Release|Any CPU.ActiveCfg = Release|Any CPU
		{3AA89BB1-D86E-4F74-9151-2DF2A1383AF8}.Release|Any CPU.Build.0 = Release|Any CPU
		{D7226B2E-B5ED-40D3-A6BD-C6EDC4EDCDFE}.Debug|Any CPU.ActiveCfg = Debug|Any CPU
		{D7226B2E-B5ED-40D3-A6BD-C6EDC4EDCDFE}.Debug|Any CPU.Build.0 = Debug|Any CPU
		{D7226B2E-B5ED-40D3-A6BD-C6EDC4EDCDFE}.Release|Any CPU.ActiveCfg = Release|Any CPU
		{D7226B2E-B5ED-40D3-A6BD-C6EDC4EDCDFE}.Release|Any CPU.Build.0 = Release|Any CPU
		{F9311216-A9EE-4835-99E4-DC2168CA12CF}.Debug|Any CPU.ActiveCfg = Debug|Any CPU
		{F9311216-A9EE-4835-99E4-DC2168CA12CF}.Debug|Any CPU.Build.0 = Debug|Any CPU
		{F9311216-A9EE-4835-99E4-DC2168CA12CF}.Release|Any CPU.ActiveCfg = Release|Any CPU
		{F9311216-A9EE-4835-99E4-DC2168CA12CF}.Release|Any CPU.Build.0 = Release|Any CPU
		{F8188E9D-99EC-4D3D-A216-E1CAD8CEA7FB}.Debug|Any CPU.ActiveCfg = Debug|Any CPU
		{F8188E9D-99EC-4D3D-A216-E1CAD8CEA7FB}.Debug|Any CPU.Build.0 = Debug|Any CPU
		{F8188E9D-99EC-4D3D-A216-E1CAD8CEA7FB}.Release|Any CPU.ActiveCfg = Release|Any CPU
		{F8188E9D-99EC-4D3D-A216-E1CAD8CEA7FB}.Release|Any CPU.Build.0 = Release|Any CPU
		{4DE0C09C-EFDC-4DAA-BF66-D3EF9CAAFDA7}.Debug|Any CPU.ActiveCfg = Debug|Any CPU
		{4DE0C09C-EFDC-4DAA-BF66-D3EF9CAAFDA7}.Debug|Any CPU.Build.0 = Debug|Any CPU
		{4DE0C09C-EFDC-4DAA-BF66-D3EF9CAAFDA7}.Release|Any CPU.ActiveCfg = Release|Any CPU
		{4DE0C09C-EFDC-4DAA-BF66-D3EF9CAAFDA7}.Release|Any CPU.Build.0 = Release|Any CPU
	EndGlobalSection
	GlobalSection(SolutionProperties) = preSolution
		HideSolutionNode = FALSE
	EndGlobalSection
	GlobalSection(ExtensibilityGlobals) = postSolution
		SolutionGuid = {6C9BB50F-A7BB-4F85-8D9C-773527C5E28F}
	EndGlobalSection
EndGlobal
